
Microsoft Visual Studio Solution File, Format Version 12.00
# Visual Studio Version 17
VisualStudioVersion = 17.5.33402.96
MinimumVisualStudioVersion = 10.0.40219.1
Project("{9A19103F-16F7-4668-BE54-9A1E7A4F7556}") = "Common", "src\Common\Common.csproj", "{B817963C-70CA-4781-9C5B-9C7257CD9777}"
EndProject
Project("{2150E333-8FDC-42A3-9474-1A3956D46DE8}") = "Solution Items", "Solution Items", "{FC6336F1-274F-4174-B0F5-06977522D715}"
	ProjectSection(SolutionItems) = preProject
		.editorconfig = .editorconfig
		.gitattributes = .gitattributes
		.gitignore = .gitignore
		README.md = README.md
	EndProjectSection
EndProject
Global
	GlobalSection(SolutionConfigurationPlatforms) = preSolution
		Debug|Any CPU = Debug|Any CPU
		Release|Any CPU = Release|Any CPU
	EndGlobalSection
	GlobalSection(ProjectConfigurationPlatforms) = postSolution
		{B817963C-70CA-4781-9C5B-9C7257CD9777}.Debug|Any CPU.ActiveCfg = Debug|Any CPU
		{B817963C-70CA-4781-9C5B-9C7257CD9777}.Debug|Any CPU.Build.0 = Debug|Any CPU
		{B817963C-70CA-4781-9C5B-9C7257CD9777}.Release|Any CPU.ActiveCfg = Release|Any CPU
		{B817963C-70CA-4781-9C5B-9C7257CD9777}.Release|Any CPU.Build.0 = Release|Any CPU
	EndGlobalSection
	GlobalSection(SolutionProperties) = preSolution
		HideSolutionNode = FALSE
	EndGlobalSection
	GlobalSection(ExtensibilityGlobals) = postSolution
		SolutionGuid = {2A5A142F-D7EC-4030-83D2-22191D049DED}
	EndGlobalSection
EndGlobal
